
Microsoft Visual Studio Solution File, Format Version 12.00
# Visual Studio Version 17
VisualStudioVersion = 17.5.002.0
MinimumVisualStudioVersion = 10.0.40219.1
Project("{9A19103F-16F7-4668-BE54-9A1E7A4F7556}") = "inventory", "inventory.csproj", "{B2283339-34FD-42A6-980C-FDB10338F517}"
EndProject
Global
	GlobalSection(SolutionConfigurationPlatforms) = preSolution
		Debug|Any CPU = Debug|Any CPU
		Release|Any CPU = Release|Any CPU
	EndGlobalSection
	GlobalSection(ProjectConfigurationPlatforms) = postSolution
		{B2283339-34FD-42A6-980C-FDB10338F517}.Debug|Any CPU.ActiveCfg = Debug|Any CPU
		{B2283339-34FD-42A6-980C-FDB10338F517}.Debug|Any CPU.Build.0 = Debug|Any CPU
		{B2283339-34FD-42A6-980C-FDB10338F517}.Release|Any CPU.ActiveCfg = Release|Any CPU
		{B2283339-34FD-42A6-980C-FDB10338F517}.Release|Any CPU.Build.0 = Release|Any CPU
	EndGlobalSection
	GlobalSection(SolutionProperties) = preSolution
		HideSolutionNode = FALSE
	EndGlobalSection
	GlobalSection(ExtensibilityGlobals) = postSolution
		SolutionGuid = {1782B16B-0D55-4B14-B771-8F469AACA28D}
	EndGlobalSection
EndGlobal
